// !$*UTF8*$!
{
	archiveVersion = 1;
	classes = {
	};
	objectVersion = 46;
	objects = {

/* Begin PBXBuildFile section */
		341AA4C31E7F2E5000FCA5C6 /* AppAuthExampleTests.m in Sources */ = {isa = PBXBuildFile; fileRef = 341AA4C21E7F2E5000FCA5C6 /* AppAuthExampleTests.m */; };
		EFEF6E9CC6F12EA4870987D5 /* libPods-Example-macOS.a in Frameworks */ = {isa = PBXBuildFile; fileRef = FED92DEDC2639A35907A5D4D /* libPods-Example-macOS.a */; };
		F6016E951D2BD988003497D7 /* AppDelegate.m in Sources */ = {isa = PBXBuildFile; fileRef = F6016E8B1D2BD988003497D7 /* AppDelegate.m */; };
		F6016E971D2BD988003497D7 /* AppAuthExampleViewController.m in Sources */ = {isa = PBXBuildFile; fileRef = F6016E8D1D2BD988003497D7 /* AppAuthExampleViewController.m */; };
		F6016E981D2BD988003497D7 /* AppAuthExampleViewController.xib in Resources */ = {isa = PBXBuildFile; fileRef = F6016E8F1D2BD988003497D7 /* AppAuthExampleViewController.xib */; };
		F6016E991D2BD988003497D7 /* MainMenu.xib in Resources */ = {isa = PBXBuildFile; fileRef = F6016E911D2BD988003497D7 /* MainMenu.xib */; };
		F6016E9A1D2BD988003497D7 /* main.m in Sources */ = {isa = PBXBuildFile; fileRef = F6016E931D2BD988003497D7 /* main.m */; };
		F6016E9C1D2BD9C0003497D7 /* Assets.xcassets in Resources */ = {isa = PBXBuildFile; fileRef = F6016E9B1D2BD9C0003497D7 /* Assets.xcassets */; };
/* End PBXBuildFile section */

/* Begin PBXContainerItemProxy section */
		341AA4C51E7F2E5000FCA5C6 /* PBXContainerItemProxy */ = {
			isa = PBXContainerItemProxy;
			containerPortal = F6016E681D2AC11E003497D7 /* Project object */;
			proxyType = 1;
			remoteGlobalIDString = F6016E6F1D2AC11F003497D7;
			remoteInfo = "Example-macOS";
		};
/* End PBXContainerItemProxy section */

/* Begin PBXFileReference section */
		341AA4C01E7F2E5000FCA5C6 /* Example-macOSTests.xctest */ = {isa = PBXFileReference; explicitFileType = wrapper.cfbundle; includeInIndex = 0; path = "Example-macOSTests.xctest"; sourceTree = BUILT_PRODUCTS_DIR; };
		341AA4C21E7F2E5000FCA5C6 /* AppAuthExampleTests.m */ = {isa = PBXFileReference; lastKnownFileType = sourcecode.c.objc; path = AppAuthExampleTests.m; sourceTree = "<group>"; };
		341AA4C41E7F2E5000FCA5C6 /* Info.plist */ = {isa = PBXFileReference; lastKnownFileType = text.plist.xml; path = Info.plist; sourceTree = "<group>"; };
		60553B3AB5BA3E1BB259E487 /* Pods-Example-macOS.release.xcconfig */ = {isa = PBXFileReference; includeInIndex = 1; lastKnownFileType = text.xcconfig; name = "Pods-Example-macOS.release.xcconfig"; path = "Pods/Target Support Files/Pods-Example-macOS/Pods-Example-macOS.release.xcconfig"; sourceTree = "<group>"; };
		7FF583C8F7036437BE8875B3 /* Pods-Example-macOS.debug.xcconfig */ = {isa = PBXFileReference; includeInIndex = 1; lastKnownFileType = text.xcconfig; name = "Pods-Example-macOS.debug.xcconfig"; path = "Pods/Target Support Files/Pods-Example-macOS/Pods-Example-macOS.debug.xcconfig"; sourceTree = "<group>"; };
		F6016E701D2AC11F003497D7 /* Example-macOS.app */ = {isa = PBXFileReference; explicitFileType = wrapper.application; includeInIndex = 0; path = "Example-macOS.app"; sourceTree = BUILT_PRODUCTS_DIR; };
		F6016E8B1D2BD988003497D7 /* AppDelegate.m */ = {isa = PBXFileReference; fileEncoding = 4; lastKnownFileType = sourcecode.c.objc; name = AppDelegate.m; path = Source/AppDelegate.m; sourceTree = "<group>"; };
		F6016E8D1D2BD988003497D7 /* AppAuthExampleViewController.m */ = {isa = PBXFileReference; fileEncoding = 4; lastKnownFileType = sourcecode.c.objc; name = AppAuthExampleViewController.m; path = Source/AppAuthExampleViewController.m; sourceTree = "<group>"; };
		F6016E8E1D2BD988003497D7 /* AppDelegate.h */ = {isa = PBXFileReference; fileEncoding = 4; lastKnownFileType = sourcecode.c.h; name = AppDelegate.h; path = Source/AppDelegate.h; sourceTree = "<group>"; };
		F6016E901D2BD988003497D7 /* Base */ = {isa = PBXFileReference; lastKnownFileType = file.xib; name = Base; path = Source/Base.lproj/AppAuthExampleViewController.xib; sourceTree = "<group>"; };
		F6016E921D2BD988003497D7 /* Base */ = {isa = PBXFileReference; lastKnownFileType = file.xib; name = Base; path = Source/Base.lproj/MainMenu.xib; sourceTree = "<group>"; };
		F6016E931D2BD988003497D7 /* main.m */ = {isa = PBXFileReference; fileEncoding = 4; lastKnownFileType = sourcecode.c.objc; name = main.m; path = Source/main.m; sourceTree = "<group>"; };
		F6016E941D2BD988003497D7 /* AppAuthExampleViewController.h */ = {isa = PBXFileReference; fileEncoding = 4; lastKnownFileType = sourcecode.c.h; name = AppAuthExampleViewController.h; path = Source/AppAuthExampleViewController.h; sourceTree = "<group>"; };
		F6016E9B1D2BD9C0003497D7 /* Assets.xcassets */ = {isa = PBXFileReference; lastKnownFileType = folder.assetcatalog; name = Assets.xcassets; path = Source/Assets.xcassets; sourceTree = "<group>"; };
		F6016E9D1D2BD9C7003497D7 /* Info.plist */ = {isa = PBXFileReference; fileEncoding = 4; lastKnownFileType = text.plist.xml; name = Info.plist; path = Source/Info.plist; sourceTree = "<group>"; };
		FED92DEDC2639A35907A5D4D /* libPods-Example-macOS.a */ = {isa = PBXFileReference; explicitFileType = archive.ar; includeInIndex = 0; path = "libPods-Example-macOS.a"; sourceTree = BUILT_PRODUCTS_DIR; };
/* End PBXFileReference section */

/* Begin PBXFrameworksBuildPhase section */
		341AA4BD1E7F2E5000FCA5C6 /* Frameworks */ = {
			isa = PBXFrameworksBuildPhase;
			buildActionMask = 2147483647;
			files = (
			);
			runOnlyForDeploymentPostprocessing = 0;
		};
		F6016E6D1D2AC11F003497D7 /* Frameworks */ = {
			isa = PBXFrameworksBuildPhase;
			buildActionMask = 2147483647;
			files = (
				EFEF6E9CC6F12EA4870987D5 /* libPods-Example-macOS.a in Frameworks */,
			);
			runOnlyForDeploymentPostprocessing = 0;
		};
/* End PBXFrameworksBuildPhase section */

/* Begin PBXGroup section */
		186006823FF563B11A81B036 /* Pods */ = {
			isa = PBXGroup;
			children = (
				7FF583C8F7036437BE8875B3 /* Pods-Example-macOS.debug.xcconfig */,
				60553B3AB5BA3E1BB259E487 /* Pods-Example-macOS.release.xcconfig */,
			);
			name = Pods;
			sourceTree = "<group>";
		};
		27454E5D219A9EBB94F74197 /* Frameworks */ = {
			isa = PBXGroup;
			children = (
				FED92DEDC2639A35907A5D4D /* libPods-Example-macOS.a */,
			);
			name = Frameworks;
			sourceTree = "<group>";
		};
		341AA4C11E7F2E5000FCA5C6 /* Tests */ = {
			isa = PBXGroup;
			children = (
				341AA4C21E7F2E5000FCA5C6 /* AppAuthExampleTests.m */,
				341AA4C41E7F2E5000FCA5C6 /* Info.plist */,
			);
			path = Tests;
			sourceTree = "<group>";
		};
		F6016E671D2AC11E003497D7 = {
			isa = PBXGroup;
			children = (
				F6016E8A1D2BD973003497D7 /* Source */,
				341AA4C11E7F2E5000FCA5C6 /* Tests */,
				F6016E711D2AC11F003497D7 /* Products */,
				186006823FF563B11A81B036 /* Pods */,
				27454E5D219A9EBB94F74197 /* Frameworks */,
			);
			sourceTree = "<group>";
		};
		F6016E711D2AC11F003497D7 /* Products */ = {
			isa = PBXGroup;
			children = (
				F6016E701D2AC11F003497D7 /* Example-macOS.app */,
				341AA4C01E7F2E5000FCA5C6 /* Example-macOSTests.xctest */,
			);
			name = Products;
			sourceTree = "<group>";
		};
		F6016E8A1D2BD973003497D7 /* Source */ = {
			isa = PBXGroup;
			children = (
				F6016E9D1D2BD9C7003497D7 /* Info.plist */,
				F6016E8E1D2BD988003497D7 /* AppDelegate.h */,
				F6016E8B1D2BD988003497D7 /* AppDelegate.m */,
				F6016E941D2BD988003497D7 /* AppAuthExampleViewController.h */,
				F6016E8D1D2BD988003497D7 /* AppAuthExampleViewController.m */,
				F6016E8F1D2BD988003497D7 /* AppAuthExampleViewController.xib */,
				F6016E911D2BD988003497D7 /* MainMenu.xib */,
				F6016E9B1D2BD9C0003497D7 /* Assets.xcassets */,
				F6016E931D2BD988003497D7 /* main.m */,
			);
			name = Source;
			sourceTree = "<group>";
		};
/* End PBXGroup section */

/* Begin PBXNativeTarget section */
		341AA4BF1E7F2E5000FCA5C6 /* Example-macOSTests */ = {
			isa = PBXNativeTarget;
			buildConfigurationList = 341AA4C91E7F2E5000FCA5C6 /* Build configuration list for PBXNativeTarget "Example-macOSTests" */;
			buildPhases = (
				341AA4BC1E7F2E5000FCA5C6 /* Sources */,
				341AA4BD1E7F2E5000FCA5C6 /* Frameworks */,
				341AA4BE1E7F2E5000FCA5C6 /* Resources */,
			);
			buildRules = (
			);
			dependencies = (
				341AA4C61E7F2E5000FCA5C6 /* PBXTargetDependency */,
			);
			name = "Example-macOSTests";
			productName = "Example-macOSTests";
			productReference = 341AA4C01E7F2E5000FCA5C6 /* Example-macOSTests.xctest */;
			productType = "com.apple.product-type.bundle.unit-test";
		};
		F6016E6F1D2AC11F003497D7 /* Example-macOS */ = {
			isa = PBXNativeTarget;
			buildConfigurationList = F6016E811D2AC11F003497D7 /* Build configuration list for PBXNativeTarget "Example-macOS" */;
			buildPhases = (
				C9395BB900D0A44A3F7EB0BE /* [CP] Check Pods Manifest.lock */,
				F6016E6C1D2AC11F003497D7 /* Sources */,
				F6016E6D1D2AC11F003497D7 /* Frameworks */,
				F6016E6E1D2AC11F003497D7 /* Resources */,
				52872C7E76CB3EA69F4392F7 /* [CP] Embed Pods Frameworks */,
				1C5B2EF60536044DE119E500 /* [CP] Copy Pods Resources */,
			);
			buildRules = (
			);
			dependencies = (
			);
			name = "Example-macOS";
			productName = "Example-macOS";
			productReference = F6016E701D2AC11F003497D7 /* Example-macOS.app */;
			productType = "com.apple.product-type.application";
		};
/* End PBXNativeTarget section */

/* Begin PBXProject section */
		F6016E681D2AC11E003497D7 /* Project object */ = {
			isa = PBXProject;
			attributes = {
				LastUpgradeCheck = 0730;
				ORGANIZATIONNAME = Google;
				TargetAttributes = {
					341AA4BF1E7F2E5000FCA5C6 = {
						CreatedOnToolsVersion = 8.2.1;
						ProvisioningStyle = Automatic;
						TestTargetID = F6016E6F1D2AC11F003497D7;
					};
					F6016E6F1D2AC11F003497D7 = {
						CreatedOnToolsVersion = 7.3.1;
					};
				};
			};
			buildConfigurationList = F6016E6B1D2AC11E003497D7 /* Build configuration list for PBXProject "Example-macOS" */;
			compatibilityVersion = "Xcode 3.2";
			developmentRegion = English;
			hasScannedForEncodings = 0;
			knownRegions = (
				en,
				Base,
			);
			mainGroup = F6016E671D2AC11E003497D7;
			productRefGroup = F6016E711D2AC11F003497D7 /* Products */;
			projectDirPath = "";
			projectRoot = "";
			targets = (
				F6016E6F1D2AC11F003497D7 /* Example-macOS */,
				341AA4BF1E7F2E5000FCA5C6 /* Example-macOSTests */,
			);
		};
/* End PBXProject section */

/* Begin PBXResourcesBuildPhase section */
		341AA4BE1E7F2E5000FCA5C6 /* Resources */ = {
			isa = PBXResourcesBuildPhase;
			buildActionMask = 2147483647;
			files = (
			);
			runOnlyForDeploymentPostprocessing = 0;
		};
		F6016E6E1D2AC11F003497D7 /* Resources */ = {
			isa = PBXResourcesBuildPhase;
			buildActionMask = 2147483647;
			files = (
				F6016E981D2BD988003497D7 /* AppAuthExampleViewController.xib in Resources */,
				F6016E9C1D2BD9C0003497D7 /* Assets.xcassets in Resources */,
				F6016E991D2BD988003497D7 /* MainMenu.xib in Resources */,
			);
			runOnlyForDeploymentPostprocessing = 0;
		};
/* End PBXResourcesBuildPhase section */

/* Begin PBXShellScriptBuildPhase section */
		1C5B2EF60536044DE119E500 /* [CP] Copy Pods Resources */ = {
			isa = PBXShellScriptBuildPhase;
			buildActionMask = 2147483647;
			files = (
			);
			inputPaths = (
			);
			name = "[CP] Copy Pods Resources";
			outputPaths = (
			);
			runOnlyForDeploymentPostprocessing = 0;
			shellPath = /bin/sh;
			shellScript = "\"${SRCROOT}/Pods/Target Support Files/Pods-Example-macOS/Pods-Example-macOS-resources.sh\"\n";
			showEnvVarsInLog = 0;
		};
		52872C7E76CB3EA69F4392F7 /* [CP] Embed Pods Frameworks */ = {
			isa = PBXShellScriptBuildPhase;
			buildActionMask = 2147483647;
			files = (
			);
			inputPaths = (
			);
			name = "[CP] Embed Pods Frameworks";
			outputPaths = (
			);
			runOnlyForDeploymentPostprocessing = 0;
			shellPath = /bin/sh;
			shellScript = "\"${SRCROOT}/Pods/Target Support Files/Pods-Example-macOS/Pods-Example-macOS-frameworks.sh\"\n";
			showEnvVarsInLog = 0;
		};
		C9395BB900D0A44A3F7EB0BE /* [CP] Check Pods Manifest.lock */ = {
			isa = PBXShellScriptBuildPhase;
			buildActionMask = 2147483647;
			files = (
			);
			inputPaths = (
			);
			name = "[CP] Check Pods Manifest.lock";
			outputPaths = (
			);
			runOnlyForDeploymentPostprocessing = 0;
			shellPath = /bin/sh;
			shellScript = "diff \"${PODS_ROOT}/../Podfile.lock\" \"${PODS_ROOT}/Manifest.lock\" > /dev/null\nif [ $? != 0 ] ; then\n    # print error to STDERR\n    echo \"error: The sandbox is not in sync with the Podfile.lock. Run 'pod install' or update your CocoaPods installation.\" >&2\n    exit 1\nfi\n";
			showEnvVarsInLog = 0;
		};
/* End PBXShellScriptBuildPhase section */

/* Begin PBXSourcesBuildPhase section */
		341AA4BC1E7F2E5000FCA5C6 /* Sources */ = {
			isa = PBXSourcesBuildPhase;
			buildActionMask = 2147483647;
			files = (
				341AA4C31E7F2E5000FCA5C6 /* AppAuthExampleTests.m in Sources */,
			);
			runOnlyForDeploymentPostprocessing = 0;
		};
		F6016E6C1D2AC11F003497D7 /* Sources */ = {
			isa = PBXSourcesBuildPhase;
			buildActionMask = 2147483647;
			files = (
				F6016E951D2BD988003497D7 /* AppDelegate.m in Sources */,
				F6016E9A1D2BD988003497D7 /* main.m in Sources */,
				F6016E971D2BD988003497D7 /* AppAuthExampleViewController.m in Sources */,
			);
			runOnlyForDeploymentPostprocessing = 0;
		};
/* End PBXSourcesBuildPhase section */

/* Begin PBXTargetDependency section */
		341AA4C61E7F2E5000FCA5C6 /* PBXTargetDependency */ = {
			isa = PBXTargetDependency;
			target = F6016E6F1D2AC11F003497D7 /* Example-macOS */;
			targetProxy = 341AA4C51E7F2E5000FCA5C6 /* PBXContainerItemProxy */;
		};
/* End PBXTargetDependency section */

/* Begin PBXVariantGroup section */
		F6016E8F1D2BD988003497D7 /* AppAuthExampleViewController.xib */ = {
			isa = PBXVariantGroup;
			children = (
				F6016E901D2BD988003497D7 /* Base */,
			);
			name = AppAuthExampleViewController.xib;
			sourceTree = "<group>";
		};
		F6016E911D2BD988003497D7 /* MainMenu.xib */ = {
			isa = PBXVariantGroup;
			children = (
				F6016E921D2BD988003497D7 /* Base */,
			);
			name = MainMenu.xib;
			sourceTree = "<group>";
		};
/* End PBXVariantGroup section */

/* Begin XCBuildConfiguration section */
		341AA4C71E7F2E5000FCA5C6 /* Debug */ = {
			isa = XCBuildConfiguration;
			buildSettings = {
				BUNDLE_LOADER = "$(TEST_HOST)";
				CLANG_WARN_DOCUMENTATION_COMMENTS = YES;
				CLANG_WARN_INFINITE_RECURSION = YES;
				CLANG_WARN_SUSPICIOUS_MOVE = YES;
				COMBINE_HIDPI_IMAGES = YES;
				INFOPLIST_FILE = Tests/Info.plist;
				LD_RUNPATH_SEARCH_PATHS = "$(inherited) @executable_path/../Frameworks @loader_path/../Frameworks";
				MACOSX_DEPLOYMENT_TARGET = 10.12;
				PRODUCT_BUNDLE_IDENTIFIER = "net.openid.Example-macOSTests";
				PRODUCT_NAME = "$(TARGET_NAME)";
				TEST_HOST = "$(BUILT_PRODUCTS_DIR)/Example-macOS.app/Contents/MacOS/Example-macOS";
			};
			name = Debug;
		};
		341AA4C81E7F2E5000FCA5C6 /* Release */ = {
			isa = XCBuildConfiguration;
			buildSettings = {
				BUNDLE_LOADER = "$(TEST_HOST)";
				CLANG_WARN_DOCUMENTATION_COMMENTS = YES;
				CLANG_WARN_INFINITE_RECURSION = YES;
				CLANG_WARN_SUSPICIOUS_MOVE = YES;
				COMBINE_HIDPI_IMAGES = YES;
				INFOPLIST_FILE = Tests/Info.plist;
				LD_RUNPATH_SEARCH_PATHS = "$(inherited) @executable_path/../Frameworks @loader_path/../Frameworks";
				MACOSX_DEPLOYMENT_TARGET = 10.12;
				PRODUCT_BUNDLE_IDENTIFIER = "net.openid.Example-macOSTests";
				PRODUCT_NAME = "$(TARGET_NAME)";
				TEST_HOST = "$(BUILT_PRODUCTS_DIR)/Example-macOS.app/Contents/MacOS/Example-macOS";
			};
			name = Release;
		};
		F6016E7F1D2AC11F003497D7 /* Debug */ = {
			isa = XCBuildConfiguration;
			buildSettings = {
				ALWAYS_SEARCH_USER_PATHS = NO;
				CLANG_ANALYZER_NONNULL = YES;
				CLANG_CXX_LANGUAGE_STANDARD = "gnu++0x";
				CLANG_CXX_LIBRARY = "libc++";
				CLANG_ENABLE_MODULES = YES;
				CLANG_ENABLE_OBJC_ARC = YES;
				CLANG_WARN_BOOL_CONVERSION = YES;
				CLANG_WARN_CONSTANT_CONVERSION = YES;
				CLANG_WARN_DIRECT_OBJC_ISA_USAGE = YES_ERROR;
				CLANG_WARN_EMPTY_BODY = YES;
				CLANG_WARN_ENUM_CONVERSION = YES;
				CLANG_WARN_INT_CONVERSION = YES;
				CLANG_WARN_OBJC_ROOT_CLASS = YES_ERROR;
				CLANG_WARN_UNREACHABLE_CODE = YES;
				CLANG_WARN__DUPLICATE_METHOD_MATCH = YES;
				CODE_SIGN_IDENTITY = "-";
				COPY_PHASE_STRIP = NO;
				DEBUG_INFORMATION_FORMAT = dwarf;
				ENABLE_STRICT_OBJC_MSGSEND = YES;
				ENABLE_TESTABILITY = YES;
				GCC_C_LANGUAGE_STANDARD = gnu99;
				GCC_DYNAMIC_NO_PIC = NO;
				GCC_NO_COMMON_BLOCKS = YES;
				GCC_OPTIMIZATION_LEVEL = 0;
				GCC_PREPROCESSOR_DEFINITIONS = (
					"DEBUG=1",
					"$(inherited)",
				);
				GCC_WARN_64_TO_32_BIT_CONVERSION = YES;
				GCC_WARN_ABOUT_RETURN_TYPE = YES_ERROR;
				GCC_WARN_UNDECLARED_SELECTOR = YES;
				GCC_WARN_UNINITIALIZED_AUTOS = YES_AGGRESSIVE;
				GCC_WARN_UNUSED_FUNCTION = YES;
				GCC_WARN_UNUSED_VARIABLE = YES;
				MACOSX_DEPLOYMENT_TARGET = 10.11;
				MTL_ENABLE_DEBUG_INFO = YES;
				ONLY_ACTIVE_ARCH = YES;
				SDKROOT = macosx;
			};
			name = Debug;
		};
		F6016E801D2AC11F003497D7 /* Release */ = {
			isa = XCBuildConfiguration;
			buildSettings = {
				ALWAYS_SEARCH_USER_PATHS = NO;
				CLANG_ANALYZER_NONNULL = YES;
				CLANG_CXX_LANGUAGE_STANDARD = "gnu++0x";
				CLANG_CXX_LIBRARY = "libc++";
				CLANG_ENABLE_MODULES = YES;
				CLANG_ENABLE_OBJC_ARC = YES;
				CLANG_WARN_BOOL_CONVERSION = YES;
				CLANG_WARN_CONSTANT_CONVERSION = YES;
				CLANG_WARN_DIRECT_OBJC_ISA_USAGE = YES_ERROR;
				CLANG_WARN_EMPTY_BODY = YES;
				CLANG_WARN_ENUM_CONVERSION = YES;
				CLANG_WARN_INT_CONVERSION = YES;
				CLANG_WARN_OBJC_ROOT_CLASS = YES_ERROR;
				CLANG_WARN_UNREACHABLE_CODE = YES;
				CLANG_WARN__DUPLICATE_METHOD_MATCH = YES;
				CODE_SIGN_IDENTITY = "-";
				COPY_PHASE_STRIP = NO;
				DEBUG_INFORMATION_FORMAT = "dwarf-with-dsym";
				ENABLE_NS_ASSERTIONS = NO;
				ENABLE_STRICT_OBJC_MSGSEND = YES;
				GCC_C_LANGUAGE_STANDARD = gnu99;
				GCC_NO_COMMON_BLOCKS = YES;
				GCC_WARN_64_TO_32_BIT_CONVERSION = YES;
				GCC_WARN_ABOUT_RETURN_TYPE = YES_ERROR;
				GCC_WARN_UNDECLARED_SELECTOR = YES;
				GCC_WARN_UNINITIALIZED_AUTOS = YES_AGGRESSIVE;
				GCC_WARN_UNUSED_FUNCTION = YES;
				GCC_WARN_UNUSED_VARIABLE = YES;
				MACOSX_DEPLOYMENT_TARGET = 10.11;
				MTL_ENABLE_DEBUG_INFO = NO;
				SDKROOT = macosx;
			};
			name = Release;
		};
		F6016E821D2AC11F003497D7 /* Debug */ = {
			isa = XCBuildConfiguration;
			baseConfigurationReference = 7FF583C8F7036437BE8875B3 /* Pods-Example-macOS.debug.xcconfig */;
			buildSettings = {
				ASSETCATALOG_COMPILER_APPICON_NAME = AppIcon;
				COMBINE_HIDPI_IMAGES = YES;
				INFOPLIST_FILE = "$(SRCROOT)/Source/Info.plist";
				LD_RUNPATH_SEARCH_PATHS = "$(inherited) @executable_path/../Frameworks";
				PRODUCT_BUNDLE_IDENTIFIER = "net.openid.appauth.Example-macOS";
				PRODUCT_NAME = "$(TARGET_NAME)";
			};
			name = Debug;
		};
		F6016E831D2AC11F003497D7 /* Release */ = {
			isa = XCBuildConfiguration;
			baseConfigurationReference = 60553B3AB5BA3E1BB259E487 /* Pods-Example-macOS.release.xcconfig */;
			buildSettings = {
				ASSETCATALOG_COMPILER_APPICON_NAME = AppIcon;
				COMBINE_HIDPI_IMAGES = YES;
				INFOPLIST_FILE = "$(SRCROOT)/Source/Info.plist";
				LD_RUNPATH_SEARCH_PATHS = "$(inherited) @executable_path/../Frameworks";
				PRODUCT_BUNDLE_IDENTIFIER = "net.openid.appauth.Example-macOS";
				PRODUCT_NAME = "$(TARGET_NAME)";
			};
			name = Release;
		};
/* End XCBuildConfiguration section */

/* Begin XCConfigurationList section */
		341AA4C91E7F2E5000FCA5C6 /* Build configuration list for PBXNativeTarget "Example-macOSTests" */ = {
			isa = XCConfigurationList;
			buildConfigurations = (
				341AA4C71E7F2E5000FCA5C6 /* Debug */,
				341AA4C81E7F2E5000FCA5C6 /* Release */,
			);
			defaultConfigurationIsVisible = 0;
		};
		F6016E6B1D2AC11E003497D7 /* Build configuration list for PBXProject "Example-macOS" */ = {
			isa = XCConfigurationList;
			buildConfigurations = (
				F6016E7F1D2AC11F003497D7 /* Debug */,
				F6016E801D2AC11F003497D7 /* Release */,
			);
			defaultConfigurationIsVisible = 0;
			defaultConfigurationName = Release;
		};
		F6016E811D2AC11F003497D7 /* Build configuration list for PBXNativeTarget "Example-macOS" */ = {
			isa = XCConfigurationList;
			buildConfigurations = (
				F6016E821D2AC11F003497D7 /* Debug */,
				F6016E831D2AC11F003497D7 /* Release */,
			);
			defaultConfigurationIsVisible = 0;
			defaultConfigurationName = Release;
		};
/* End XCConfigurationList section */
	};
	rootObject = F6016E681D2AC11E003497D7 /* Project object */;
}
