// !$*UTF8*$!
{
	archiveVersion = 1;
	classes = {
	};
	objectVersion = 46;
	objects = {

/* Begin PBXBuildFile section */
		341310AA1E6DEF7000D5DEE5 /* AppAuthExampleTests.m in Sources */ = {isa = PBXBuildFile; fileRef = 341310A91E6DEF7000D5DEE5 /* AppAuthExampleTests.m */; };
		346E916E1C29D42800D3620B /* main.m in Sources */ = {isa = PBXBuildFile; fileRef = 346E916D1C29D42800D3620B /* main.m */; };
		346E91711C29D42800D3620B /* AppDelegate.m in Sources */ = {isa = PBXBuildFile; fileRef = 346E91701C29D42800D3620B /* AppDelegate.m */; };
		346E91791C29D42800D3620B /* Assets.xcassets in Resources */ = {isa = PBXBuildFile; fileRef = 346E91781C29D42800D3620B /* Assets.xcassets */; };
		346E917C1C29D42800D3620B /* LaunchScreen.storyboard in Resources */ = {isa = PBXBuildFile; fileRef = 346E917A1C29D42800D3620B /* LaunchScreen.storyboard */; };
		346E91991C2A245000D3620B /* SafariServices.framework in Frameworks */ = {isa = PBXBuildFile; fileRef = 346E91981C2A245000D3620B /* SafariServices.framework */; };
		34CB09BD1C42007600A54261 /* AppAuthExampleViewController.m in Sources */ = {isa = PBXBuildFile; fileRef = 34CB09BB1C42007600A54261 /* AppAuthExampleViewController.m */; };
		34CB09BE1C42007600A54261 /* AppAuthExampleViewController.xib in Resources */ = {isa = PBXBuildFile; fileRef = 34CB09BC1C42007600A54261 /* AppAuthExampleViewController.xib */; };
		E46F8589CE9E5DDFA69D835B /* libPods-Example-iOS_ObjC.a in Frameworks */ = {isa = PBXBuildFile; fileRef = 8B61A918CBE7B8142CD7D8B3 /* libPods-Example-iOS_ObjC.a */; };
/* End PBXBuildFile section */

/* Begin PBXContainerItemProxy section */
		341310AC1E6DEF7000D5DEE5 /* PBXContainerItemProxy */ = {
			isa = PBXContainerItemProxy;
			containerPortal = 346E91611C29D42800D3620B /* Project object */;
			proxyType = 1;
			remoteGlobalIDString = 346E91681C29D42800D3620B;
			remoteInfo = Example;
		};
/* End PBXContainerItemProxy section */

/* Begin PBXFileReference section */
		09795EAF079B07A1781675D9 /* libPods-Example.a */ = {isa = PBXFileReference; explicitFileType = archive.ar; includeInIndex = 0; path = "libPods-Example.a"; sourceTree = BUILT_PRODUCTS_DIR; };
		0D29B2A58C931A5D41332144 /* Pods-Example-iOS_ObjC.debug.xcconfig */ = {isa = PBXFileReference; includeInIndex = 1; lastKnownFileType = text.xcconfig; name = "Pods-Example-iOS_ObjC.debug.xcconfig"; path = "Pods/Target Support Files/Pods-Example-iOS_ObjC/Pods-Example-iOS_ObjC.debug.xcconfig"; sourceTree = "<group>"; };
		341310A71E6DEF7000D5DEE5 /* AppAuthExample-iOS_ObjCTests.xctest */ = {isa = PBXFileReference; explicitFileType = wrapper.cfbundle; includeInIndex = 0; path = "AppAuthExample-iOS_ObjCTests.xctest"; sourceTree = BUILT_PRODUCTS_DIR; };
		341310A91E6DEF7000D5DEE5 /* AppAuthExampleTests.m */ = {isa = PBXFileReference; lastKnownFileType = sourcecode.c.objc; path = AppAuthExampleTests.m; sourceTree = "<group>"; };
		341310AB1E6DEF7000D5DEE5 /* Info.plist */ = {isa = PBXFileReference; lastKnownFileType = text.plist.xml; path = Info.plist; sourceTree = "<group>"; };
		346E91691C29D42800D3620B /* Example-iOS_ObjC.app */ = {isa = PBXFileReference; explicitFileType = wrapper.application; includeInIndex = 0; path = "Example-iOS_ObjC.app"; sourceTree = BUILT_PRODUCTS_DIR; };
		346E916D1C29D42800D3620B /* main.m */ = {isa = PBXFileReference; lastKnownFileType = sourcecode.c.objc; path = main.m; sourceTree = "<group>"; };
		346E916F1C29D42800D3620B /* AppDelegate.h */ = {isa = PBXFileReference; lastKnownFileType = sourcecode.c.h; path = AppDelegate.h; sourceTree = "<group>"; };
		346E91701C29D42800D3620B /* AppDelegate.m */ = {isa = PBXFileReference; lastKnownFileType = sourcecode.c.objc; path = AppDelegate.m; sourceTree = "<group>"; };
		346E91781C29D42800D3620B /* Assets.xcassets */ = {isa = PBXFileReference; lastKnownFileType = folder.assetcatalog; path = Assets.xcassets; sourceTree = "<group>"; };
		346E917B1C29D42800D3620B /* Base */ = {isa = PBXFileReference; lastKnownFileType = file.storyboard; name = Base; path = Base.lproj/LaunchScreen.storyboard; sourceTree = "<group>"; };
		346E917D1C29D42800D3620B /* Info.plist */ = {isa = PBXFileReference; lastKnownFileType = text.plist.xml; path = Info.plist; sourceTree = "<group>"; };
		346E91981C2A245000D3620B /* SafariServices.framework */ = {isa = PBXFileReference; lastKnownFileType = wrapper.framework; name = SafariServices.framework; path = System/Library/Frameworks/SafariServices.framework; sourceTree = SDKROOT; };
		3474C8DD1DFCB08E00F22B34 /* libAppAuth-iOS.a */ = {isa = PBXFileReference; lastKnownFileType = archive.ar; name = "libAppAuth-iOS.a"; path = "../../build/Debug-iphoneos/libAppAuth-iOS.a"; sourceTree = "<group>"; };
		34CB09BA1C42007600A54261 /* AppAuthExampleViewController.h */ = {isa = PBXFileReference; fileEncoding = 4; lastKnownFileType = sourcecode.c.h; path = AppAuthExampleViewController.h; sourceTree = "<group>"; };
		34CB09BB1C42007600A54261 /* AppAuthExampleViewController.m */ = {isa = PBXFileReference; fileEncoding = 4; lastKnownFileType = sourcecode.c.objc; path = AppAuthExampleViewController.m; sourceTree = "<group>"; };
		34CB09BC1C42007600A54261 /* AppAuthExampleViewController.xib */ = {isa = PBXFileReference; fileEncoding = 4; lastKnownFileType = file.xib; path = AppAuthExampleViewController.xib; sourceTree = "<group>"; };
		8B61A918CBE7B8142CD7D8B3 /* libPods-Example-iOS_ObjC.a */ = {isa = PBXFileReference; explicitFileType = archive.ar; includeInIndex = 0; path = "libPods-Example-iOS_ObjC.a"; sourceTree = BUILT_PRODUCTS_DIR; };
		C4C31DB4A4928F246AA03805 /* Pods-Example.release.xcconfig */ = {isa = PBXFileReference; includeInIndex = 1; lastKnownFileType = text.xcconfig; name = "Pods-Example.release.xcconfig"; path = "Pods/Target Support Files/Pods-Example/Pods-Example.release.xcconfig"; sourceTree = "<group>"; };
		D9867DC6FA9089CD613D4728 /* Pods-Example.debug.xcconfig */ = {isa = PBXFileReference; includeInIndex = 1; lastKnownFileType = text.xcconfig; name = "Pods-Example.debug.xcconfig"; path = "Pods/Target Support Files/Pods-Example/Pods-Example.debug.xcconfig"; sourceTree = "<group>"; };
		ECBCCC4A1A779C83C72044F2 /* Pods-Example-iOS_ObjC.release.xcconfig */ = {isa = PBXFileReference; includeInIndex = 1; lastKnownFileType = text.xcconfig; name = "Pods-Example-iOS_ObjC.release.xcconfig"; path = "Pods/Target Support Files/Pods-Example-iOS_ObjC/Pods-Example-iOS_ObjC.release.xcconfig"; sourceTree = "<group>"; };
/* End PBXFileReference section */

/* Begin PBXFrameworksBuildPhase section */
		341310A41E6DEF7000D5DEE5 /* Frameworks */ = {
			isa = PBXFrameworksBuildPhase;
			buildActionMask = 2147483647;
			files = (
			);
			runOnlyForDeploymentPostprocessing = 0;
		};
		346E91661C29D42800D3620B /* Frameworks */ = {
			isa = PBXFrameworksBuildPhase;
			buildActionMask = 2147483647;
			files = (
				346E91991C2A245000D3620B /* SafariServices.framework in Frameworks */,
				E46F8589CE9E5DDFA69D835B /* libPods-Example-iOS_ObjC.a in Frameworks */,
			);
			runOnlyForDeploymentPostprocessing = 0;
		};
/* End PBXFrameworksBuildPhase section */

/* Begin PBXGroup section */
		341310A81E6DEF7000D5DEE5 /* Tests */ = {
			isa = PBXGroup;
			children = (
				341310A91E6DEF7000D5DEE5 /* AppAuthExampleTests.m */,
				341310AB1E6DEF7000D5DEE5 /* Info.plist */,
			);
			path = Tests;
			sourceTree = "<group>";
		};
		341564001C487ABA00ECA3D9 /* Frameworks */ = {
			isa = PBXGroup;
			children = (
				3474C8DD1DFCB08E00F22B34 /* libAppAuth-iOS.a */,
				346E91981C2A245000D3620B /* SafariServices.framework */,
				09795EAF079B07A1781675D9 /* libPods-Example.a */,
				8B61A918CBE7B8142CD7D8B3 /* libPods-Example-iOS_ObjC.a */,
			);
			name = Frameworks;
			sourceTree = "<group>";
		};
		346E91601C29D42800D3620B = {
			isa = PBXGroup;
			children = (
				346E916B1C29D42800D3620B /* Source */,
				341310A81E6DEF7000D5DEE5 /* Tests */,
				341564001C487ABA00ECA3D9 /* Frameworks */,
				346E916A1C29D42800D3620B /* Products */,
				6DB0B0125441549B9E4A3E6C /* Pods */,
			);
			sourceTree = "<group>";
		};
		346E916A1C29D42800D3620B /* Products */ = {
			isa = PBXGroup;
			children = (
				346E91691C29D42800D3620B /* Example-iOS_ObjC.app */,
				341310A71E6DEF7000D5DEE5 /* AppAuthExample-iOS_ObjCTests.xctest */,
			);
			name = Products;
			sourceTree = "<group>";
		};
		346E916B1C29D42800D3620B /* Source */ = {
			isa = PBXGroup;
			children = (
				346E916D1C29D42800D3620B /* main.m */,
				346E916F1C29D42800D3620B /* AppDelegate.h */,
				346E91701C29D42800D3620B /* AppDelegate.m */,
				34CB09BA1C42007600A54261 /* AppAuthExampleViewController.h */,
				34CB09BB1C42007600A54261 /* AppAuthExampleViewController.m */,
				34CB09BC1C42007600A54261 /* AppAuthExampleViewController.xib */,
				346E91781C29D42800D3620B /* Assets.xcassets */,
				346E917A1C29D42800D3620B /* LaunchScreen.storyboard */,
				346E917D1C29D42800D3620B /* Info.plist */,
			);
			path = Source;
			sourceTree = "<group>";
		};
		6DB0B0125441549B9E4A3E6C /* Pods */ = {
			isa = PBXGroup;
			children = (
				D9867DC6FA9089CD613D4728 /* Pods-Example.debug.xcconfig */,
				C4C31DB4A4928F246AA03805 /* Pods-Example.release.xcconfig */,
				0D29B2A58C931A5D41332144 /* Pods-Example-iOS_ObjC.debug.xcconfig */,
				ECBCCC4A1A779C83C72044F2 /* Pods-Example-iOS_ObjC.release.xcconfig */,
			);
			name = Pods;
			sourceTree = "<group>";
		};
/* End PBXGroup section */

/* Begin PBXNativeTarget section */
		341310A61E6DEF7000D5DEE5 /* AppAuthExample-iOS_ObjCTests */ = {
			isa = PBXNativeTarget;
			buildConfigurationList = 341310AE1E6DEF7000D5DEE5 /* Build configuration list for PBXNativeTarget "AppAuthExample-iOS_ObjCTests" */;
			buildPhases = (
				341310A31E6DEF7000D5DEE5 /* Sources */,
				341310A41E6DEF7000D5DEE5 /* Frameworks */,
				341310A51E6DEF7000D5DEE5 /* Resources */,
			);
			buildRules = (
			);
			dependencies = (
				341310AD1E6DEF7000D5DEE5 /* PBXTargetDependency */,
			);
			name = "AppAuthExample-iOS_ObjCTests";
			productName = AppAuthExampleTests;
			productReference = 341310A71E6DEF7000D5DEE5 /* AppAuthExample-iOS_ObjCTests.xctest */;
			productType = "com.apple.product-type.bundle.unit-test";
		};
		346E91681C29D42800D3620B /* Example-iOS_ObjC */ = {
			isa = PBXNativeTarget;
			buildConfigurationList = 346E91801C29D42800D3620B /* Build configuration list for PBXNativeTarget "Example-iOS_ObjC" */;
			buildPhases = (
				C4DC5E3A0D4C7419380FA8C2 /* [CP] Check Pods Manifest.lock */,
				346E91651C29D42800D3620B /* Sources */,
				346E91661C29D42800D3620B /* Frameworks */,
				346E91671C29D42800D3620B /* Resources */,
				0B0B46F67786AB6E322D5F2B /* [CP] Embed Pods Frameworks */,
				3CB1FD4B438DD277394F39A7 /* [CP] Copy Pods Resources */,
			);
			buildRules = (
			);
			dependencies = (
			);
			name = "Example-iOS_ObjC";
			productName = Example;
			productReference = 346E91691C29D42800D3620B /* Example-iOS_ObjC.app */;
			productType = "com.apple.product-type.application";
		};
/* End PBXNativeTarget section */

/* Begin PBXProject section */
		346E91611C29D42800D3620B /* Project object */ = {
			isa = PBXProject;
			attributes = {
				LastUpgradeCheck = 0720;
				ORGANIZATIONNAME = "William Denniss";
				TargetAttributes = {
					341310A61E6DEF7000D5DEE5 = {
						CreatedOnToolsVersion = 8.2.1;
						ProvisioningStyle = Automatic;
						TestTargetID = 346E91681C29D42800D3620B;
					};
					346E91681C29D42800D3620B = {
						CreatedOnToolsVersion = 7.2;
					};
				};
			};
			buildConfigurationList = 346E91641C29D42800D3620B /* Build configuration list for PBXProject "Example-iOS_ObjC" */;
			compatibilityVersion = "Xcode 3.2";
			developmentRegion = English;
			hasScannedForEncodings = 0;
			knownRegions = (
				en,
				Base,
			);
			mainGroup = 346E91601C29D42800D3620B;
			productRefGroup = 346E916A1C29D42800D3620B /* Products */;
			projectDirPath = "";
			projectRoot = "";
			targets = (
				346E91681C29D42800D3620B /* Example-iOS_ObjC */,
				341310A61E6DEF7000D5DEE5 /* AppAuthExample-iOS_ObjCTests */,
			);
		};
/* End PBXProject section */

/* Begin PBXResourcesBuildPhase section */
		341310A51E6DEF7000D5DEE5 /* Resources */ = {
			isa = PBXResourcesBuildPhase;
			buildActionMask = 2147483647;
			files = (
			);
			runOnlyForDeploymentPostprocessing = 0;
		};
		346E91671C29D42800D3620B /* Resources */ = {
			isa = PBXResourcesBuildPhase;
			buildActionMask = 2147483647;
			files = (
				346E917C1C29D42800D3620B /* LaunchScreen.storyboard in Resources */,
				346E91791C29D42800D3620B /* Assets.xcassets in Resources */,
				34CB09BE1C42007600A54261 /* AppAuthExampleViewController.xib in Resources */,
			);
			runOnlyForDeploymentPostprocessing = 0;
		};
/* End PBXResourcesBuildPhase section */

/* Begin PBXShellScriptBuildPhase section */
		0B0B46F67786AB6E322D5F2B /* [CP] Embed Pods Frameworks */ = {
			isa = PBXShellScriptBuildPhase;
			buildActionMask = 2147483647;
			files = (
			);
			inputPaths = (
			);
			name = "[CP] Embed Pods Frameworks";
			outputPaths = (
			);
			runOnlyForDeploymentPostprocessing = 0;
			shellPath = /bin/sh;
			shellScript = "\"${SRCROOT}/Pods/Target Support Files/Pods-Example-iOS_ObjC/Pods-Example-iOS_ObjC-frameworks.sh\"\n";
			showEnvVarsInLog = 0;
		};
		3CB1FD4B438DD277394F39A7 /* [CP] Copy Pods Resources */ = {
			isa = PBXShellScriptBuildPhase;
			buildActionMask = 2147483647;
			files = (
			);
			inputPaths = (
			);
			name = "[CP] Copy Pods Resources";
			outputPaths = (
			);
			runOnlyForDeploymentPostprocessing = 0;
			shellPath = /bin/sh;
			shellScript = "\"${SRCROOT}/Pods/Target Support Files/Pods-Example-iOS_ObjC/Pods-Example-iOS_ObjC-resources.sh\"\n";
			showEnvVarsInLog = 0;
		};
		C4DC5E3A0D4C7419380FA8C2 /* [CP] Check Pods Manifest.lock */ = {
			isa = PBXShellScriptBuildPhase;
			buildActionMask = 2147483647;
			files = (
			);
			inputPaths = (
			);
			name = "[CP] Check Pods Manifest.lock";
			outputPaths = (
			);
			runOnlyForDeploymentPostprocessing = 0;
			shellPath = /bin/sh;
			shellScript = "diff \"${PODS_ROOT}/../Podfile.lock\" \"${PODS_ROOT}/Manifest.lock\" > /dev/null\nif [ $? != 0 ] ; then\n    # print error to STDERR\n    echo \"error: The sandbox is not in sync with the Podfile.lock. Run 'pod install' or update your CocoaPods installation.\" >&2\n    exit 1\nfi\n";
			showEnvVarsInLog = 0;
		};
/* End PBXShellScriptBuildPhase section */

/* Begin PBXSourcesBuildPhase section */
		341310A31E6DEF7000D5DEE5 /* Sources */ = {
			isa = PBXSourcesBuildPhase;
			buildActionMask = 2147483647;
			files = (
				341310AA1E6DEF7000D5DEE5 /* AppAuthExampleTests.m in Sources */,
			);
			runOnlyForDeploymentPostprocessing = 0;
		};
		346E91651C29D42800D3620B /* Sources */ = {
			isa = PBXSourcesBuildPhase;
			buildActionMask = 2147483647;
			files = (
				346E91711C29D42800D3620B /* AppDelegate.m in Sources */,
				346E916E1C29D42800D3620B /* main.m in Sources */,
				34CB09BD1C42007600A54261 /* AppAuthExampleViewController.m in Sources */,
			);
			runOnlyForDeploymentPostprocessing = 0;
		};
/* End PBXSourcesBuildPhase section */

/* Begin PBXTargetDependency section */
		341310AD1E6DEF7000D5DEE5 /* PBXTargetDependency */ = {
			isa = PBXTargetDependency;
			target = 346E91681C29D42800D3620B /* Example-iOS_ObjC */;
			targetProxy = 341310AC1E6DEF7000D5DEE5 /* PBXContainerItemProxy */;
		};
/* End PBXTargetDependency section */

/* Begin PBXVariantGroup section */
		346E917A1C29D42800D3620B /* LaunchScreen.storyboard */ = {
			isa = PBXVariantGroup;
			children = (
				346E917B1C29D42800D3620B /* Base */,
			);
			name = LaunchScreen.storyboard;
			sourceTree = "<group>";
		};
/* End PBXVariantGroup section */

/* Begin XCBuildConfiguration section */
		341310AF1E6DEF7000D5DEE5 /* Debug */ = {
			isa = XCBuildConfiguration;
			buildSettings = {
				BUNDLE_LOADER = "$(TEST_HOST)";
				CLANG_ANALYZER_NONNULL = YES;
				CLANG_WARN_DOCUMENTATION_COMMENTS = YES;
				CLANG_WARN_INFINITE_RECURSION = YES;
				CLANG_WARN_SUSPICIOUS_MOVE = YES;
				"CODE_SIGN_IDENTITY[sdk=iphoneos*]" = "iPhone Developer";
				DEVELOPMENT_TEAM = "";
				INFOPLIST_FILE = Tests/Info.plist;
				IPHONEOS_DEPLOYMENT_TARGET = 10.2;
				LD_RUNPATH_SEARCH_PATHS = "$(inherited) @executable_path/Frameworks @loader_path/Frameworks";
				PRODUCT_BUNDLE_IDENTIFIER = net.openid.AppAuthExampleTests;
				PRODUCT_NAME = "$(TARGET_NAME)";
				TEST_HOST = "$(BUILT_PRODUCTS_DIR)/Example-iOS_ObjC.app/Example-iOS_ObjC";
			};
			name = Debug;
		};
		341310B01E6DEF7000D5DEE5 /* Release */ = {
			isa = XCBuildConfiguration;
			buildSettings = {
				BUNDLE_LOADER = "$(TEST_HOST)";
				CLANG_ANALYZER_NONNULL = YES;
				CLANG_WARN_DOCUMENTATION_COMMENTS = YES;
				CLANG_WARN_INFINITE_RECURSION = YES;
				CLANG_WARN_SUSPICIOUS_MOVE = YES;
				"CODE_SIGN_IDENTITY[sdk=iphoneos*]" = "iPhone Developer";
				DEVELOPMENT_TEAM = "";
				INFOPLIST_FILE = Tests/Info.plist;
				IPHONEOS_DEPLOYMENT_TARGET = 10.2;
				LD_RUNPATH_SEARCH_PATHS = "$(inherited) @executable_path/Frameworks @loader_path/Frameworks";
				PRODUCT_BUNDLE_IDENTIFIER = net.openid.AppAuthExampleTests;
				PRODUCT_NAME = "$(TARGET_NAME)";
				TEST_HOST = "$(BUILT_PRODUCTS_DIR)/Example-iOS_ObjC.app/Example-iOS_ObjC";
			};
			name = Release;
		};
		346E917E1C29D42800D3620B /* Debug */ = {
			isa = XCBuildConfiguration;
			buildSettings = {
				ALWAYS_SEARCH_USER_PATHS = NO;
				CLANG_CXX_LANGUAGE_STANDARD = "gnu++0x";
				CLANG_CXX_LIBRARY = "libc++";
				CLANG_ENABLE_MODULES = YES;
				CLANG_ENABLE_OBJC_ARC = YES;
				CLANG_WARN_BOOL_CONVERSION = YES;
				CLANG_WARN_CONSTANT_CONVERSION = YES;
				CLANG_WARN_DIRECT_OBJC_ISA_USAGE = YES_ERROR;
				CLANG_WARN_EMPTY_BODY = YES;
				CLANG_WARN_ENUM_CONVERSION = YES;
				CLANG_WARN_INT_CONVERSION = YES;
				CLANG_WARN_OBJC_ROOT_CLASS = YES_ERROR;
				CLANG_WARN_UNREACHABLE_CODE = YES;
				CLANG_WARN__DUPLICATE_METHOD_MATCH = YES;
				"CODE_SIGN_IDENTITY[sdk=iphoneos*]" = "iPhone Developer";
				COPY_PHASE_STRIP = NO;
				DEBUG_INFORMATION_FORMAT = dwarf;
				ENABLE_BITCODE = NO;
				ENABLE_STRICT_OBJC_MSGSEND = YES;
				ENABLE_TESTABILITY = YES;
				GCC_C_LANGUAGE_STANDARD = gnu99;
				GCC_DYNAMIC_NO_PIC = NO;
				GCC_NO_COMMON_BLOCKS = YES;
				GCC_OPTIMIZATION_LEVEL = 0;
				GCC_PREPROCESSOR_DEFINITIONS = (
					"DEBUG=1",
					"$(inherited)",
				);
				GCC_WARN_64_TO_32_BIT_CONVERSION = YES;
				GCC_WARN_ABOUT_RETURN_TYPE = YES_ERROR;
				GCC_WARN_UNDECLARED_SELECTOR = YES;
				GCC_WARN_UNINITIALIZED_AUTOS = YES_AGGRESSIVE;
				GCC_WARN_UNUSED_FUNCTION = YES;
				GCC_WARN_UNUSED_VARIABLE = YES;
				HEADER_SEARCH_PATHS = "../../Source/**";
				IPHONEOS_DEPLOYMENT_TARGET = 9.0;
				MTL_ENABLE_DEBUG_INFO = YES;
				ONLY_ACTIVE_ARCH = YES;
				SDKROOT = iphoneos;
				TARGETED_DEVICE_FAMILY = "1,2";
			};
			name = Debug;
		};
		346E917F1C29D42800D3620B /* Release */ = {
			isa = XCBuildConfiguration;
			buildSettings = {
				ALWAYS_SEARCH_USER_PATHS = NO;
				CLANG_CXX_LANGUAGE_STANDARD = "gnu++0x";
				CLANG_CXX_LIBRARY = "libc++";
				CLANG_ENABLE_MODULES = YES;
				CLANG_ENABLE_OBJC_ARC = YES;
				CLANG_WARN_BOOL_CONVERSION = YES;
				CLANG_WARN_CONSTANT_CONVERSION = YES;
				CLANG_WARN_DIRECT_OBJC_ISA_USAGE = YES_ERROR;
				CLANG_WARN_EMPTY_BODY = YES;
				CLANG_WARN_ENUM_CONVERSION = YES;
				CLANG_WARN_INT_CONVERSION = YES;
				CLANG_WARN_OBJC_ROOT_CLASS = YES_ERROR;
				CLANG_WARN_UNREACHABLE_CODE = YES;
				CLANG_WARN__DUPLICATE_METHOD_MATCH = YES;
				"CODE_SIGN_IDENTITY[sdk=iphoneos*]" = "iPhone Developer";
				COPY_PHASE_STRIP = NO;
				DEBUG_INFORMATION_FORMAT = "dwarf-with-dsym";
				ENABLE_BITCODE = NO;
				ENABLE_NS_ASSERTIONS = NO;
				ENABLE_STRICT_OBJC_MSGSEND = YES;
				GCC_C_LANGUAGE_STANDARD = gnu99;
				GCC_NO_COMMON_BLOCKS = YES;
				GCC_WARN_64_TO_32_BIT_CONVERSION = YES;
				GCC_WARN_ABOUT_RETURN_TYPE = YES_ERROR;
				GCC_WARN_UNDECLARED_SELECTOR = YES;
				GCC_WARN_UNINITIALIZED_AUTOS = YES_AGGRESSIVE;
				GCC_WARN_UNUSED_FUNCTION = YES;
				GCC_WARN_UNUSED_VARIABLE = YES;
				HEADER_SEARCH_PATHS = "../../Source/**";
				IPHONEOS_DEPLOYMENT_TARGET = 9.0;
				MTL_ENABLE_DEBUG_INFO = NO;
				SDKROOT = iphoneos;
				TARGETED_DEVICE_FAMILY = "1,2";
				VALIDATE_PRODUCT = YES;
			};
			name = Release;
		};
		346E91811C29D42800D3620B /* Debug */ = {
			isa = XCBuildConfiguration;
			baseConfigurationReference = 0D29B2A58C931A5D41332144 /* Pods-Example-iOS_ObjC.debug.xcconfig */;
			buildSettings = {
				ASSETCATALOG_COMPILER_APPICON_NAME = AppIcon;
				INFOPLIST_FILE = Source/Info.plist;
				IPHONEOS_DEPLOYMENT_TARGET = 7.0;
				LD_RUNPATH_SEARCH_PATHS = "$(inherited) @executable_path/Frameworks";
				PRODUCT_BUNDLE_IDENTIFIER = net.openid.appauth.Example;
				PRODUCT_NAME = "$(TARGET_NAME)";
			};
			name = Debug;
		};
		346E91821C29D42800D3620B /* Release */ = {
			isa = XCBuildConfiguration;
			baseConfigurationReference = ECBCCC4A1A779C83C72044F2 /* Pods-Example-iOS_ObjC.release.xcconfig */;
			buildSettings = {
				ASSETCATALOG_COMPILER_APPICON_NAME = AppIcon;
				INFOPLIST_FILE = Source/Info.plist;
				IPHONEOS_DEPLOYMENT_TARGET = 7.0;
				LD_RUNPATH_SEARCH_PATHS = "$(inherited) @executable_path/Frameworks";
				PRODUCT_BUNDLE_IDENTIFIER = net.openid.appauth.Example;
				PRODUCT_NAME = "$(TARGET_NAME)";
			};
			name = Release;
		};
/* End XCBuildConfiguration section */

/* Begin XCConfigurationList section */
		341310AE1E6DEF7000D5DEE5 /* Build configuration list for PBXNativeTarget "AppAuthExample-iOS_ObjCTests" */ = {
			isa = XCConfigurationList;
			buildConfigurations = (
				341310AF1E6DEF7000D5DEE5 /* Debug */,
				341310B01E6DEF7000D5DEE5 /* Release */,
			);
			defaultConfigurationIsVisible = 0;
			defaultConfigurationName = Release;
		};
		346E91641C29D42800D3620B /* Build configuration list for PBXProject "Example-iOS_ObjC" */ = {
			isa = XCConfigurationList;
			buildConfigurations = (
				346E917E1C29D42800D3620B /* Debug */,
				346E917F1C29D42800D3620B /* Release */,
			);
			defaultConfigurationIsVisible = 0;
			defaultConfigurationName = Release;
		};
		346E91801C29D42800D3620B /* Build configuration list for PBXNativeTarget "Example-iOS_ObjC" */ = {
			isa = XCConfigurationList;
			buildConfigurations = (
				346E91811C29D42800D3620B /* Debug */,
				346E91821C29D42800D3620B /* Release */,
			);
			defaultConfigurationIsVisible = 0;
			defaultConfigurationName = Release;
		};
/* End XCConfigurationList section */
	};
	rootObject = 346E91611C29D42800D3620B /* Project object */;
}
