PODS:
  - AppAuth (1.7.6):
    - AppAuth/Core (= 1.7.6)
    - AppAuth/ExternalUserAgent (= 1.7.6)
  - AppAuth/Core (1.7.6)
  - AppAuth/ExternalUserAgent (1.7.6):
    - AppAuth/Core
  - boost (1.76.0)
  - DoubleConversion (1.1.6)
  - FBLazyVector (0.72.9)
  - FBReactNativeSpec (0.72.9):
    - RCT-Folly (= 2021.07.22.00)
    - RCTRequired (= 0.72.9)
    - RCTTypeSafety (= 0.72.9)
    - React-Core (= 0.72.9)
    - React-jsi (= 0.72.9)
    - ReactCommon/turbomodule/core (= 0.72.9)
  - fmt (6.2.1)
  - glog (0.3.5)
  - hermes-engine (0.72.9):
    - hermes-engine/Pre-built (= 0.72.9)
  - hermes-engine/Pre-built (0.72.9)
  - libevent (2.1.12)
  - RCT-Folly (2021.07.22.00):
    - boost
    - DoubleConversion
    - fmt (~> 6.2.1)
    - glog
    - RCT-Folly/Default (= 2021.07.22.00)
  - RCT-Folly/Default (2021.07.22.00):
    - boost
    - DoubleConversion
    - fmt (~> 6.2.1)
    - glog
  - RCT-Folly/Futures (2021.07.22.00):
    - boost
    - DoubleConversion
    - fmt (~> 6.2.1)
    - glog
    - libevent
  - RCTRequired (0.72.9)
  - RCTTypeSafety (0.72.9):
    - FBLazyVector (= 0.72.9)
    - RCTRequired (= 0.72.9)
    - React-Core (= 0.72.9)
  - React (0.72.9):
    - React-Core (= 0.72.9)
    - React-Core/DevSupport (= 0.72.9)
    - React-Core/RCTWebSocket (= 0.72.9)
    - React-RCTActionSheet (= 0.72.9)
    - React-RCTAnimation (= 0.72.9)
    - React-RCTBlob (= 0.72.9)
    - React-RCTImage (= 0.72.9)
    - React-RCTLinking (= 0.72.9)
    - React-RCTNetwork (= 0.72.9)
    - React-RCTSettings (= 0.72.9)
    - React-RCTText (= 0.72.9)
    - React-RCTVibration (= 0.72.9)
  - React-callinvoker (0.72.9)
  - React-Codegen (0.72.9):
    - DoubleConversion
    - FBReactNativeSpec
    - glog
    - hermes-engine
    - RCT-Folly
    - RCTRequired
    - RCTTypeSafety
    - React-Core
    - React-jsi
    - React-jsiexecutor
    - React-NativeModulesApple
    - React-rncore
    - ReactCommon/turbomodule/bridging
    - ReactCommon/turbomodule/core
  - React-Core (0.72.9):
    - glog
    - hermes-engine
    - RCT-Folly (= 2021.07.22.00)
    - React-Core/Default (= 0.72.9)
    - React-cxxreact
    - React-hermes
    - React-jsi
    - React-jsiexecutor
    - React-perflogger
    - React-runtimeexecutor
    - React-utils
    - SocketRocket (= 0.6.1)
    - Yoga
  - React-Core/CoreModulesHeaders (0.72.9):
    - glog
    - hermes-engine
    - RCT-Folly (= 2021.07.22.00)
    - React-Core/Default
    - React-cxxreact
    - React-hermes
    - React-jsi
    - React-jsiexecutor
    - React-perflogger
    - React-runtimeexecutor
    - React-utils
    - SocketRocket (= 0.6.1)
    - Yoga
  - React-Core/Default (0.72.9):
    - glog
    - hermes-engine
    - RCT-Folly (= 2021.07.22.00)
    - React-cxxreact
    - React-hermes
    - React-jsi
    - React-jsiexecutor
    - React-perflogger
    - React-runtimeexecutor
    - React-utils
    - SocketRocket (= 0.6.1)
    - Yoga
  - React-Core/DevSupport (0.72.9):
    - glog
    - hermes-engine
    - RCT-Folly (= 2021.07.22.00)
    - React-Core/Default (= 0.72.9)
    - React-Core/RCTWebSocket (= 0.72.9)
    - React-cxxreact
    - React-hermes
    - React-jsi
    - React-jsiexecutor
    - React-jsinspector (= 0.72.9)
    - React-perflogger
    - React-runtimeexecutor
    - React-utils
    - SocketRocket (= 0.6.1)
    - Yoga
  - React-Core/RCTActionSheetHeaders (0.72.9):
    - glog
    - hermes-engine
    - RCT-Folly (= 2021.07.22.00)
    - React-Core/Default
    - React-cxxreact
    - React-hermes
    - React-jsi
    - React-jsiexecutor
    - React-perflogger
    - React-runtimeexecutor
    - React-utils
    - SocketRocket (= 0.6.1)
    - Yoga
  - React-Core/RCTAnimationHeaders (0.72.9):
    - glog
    - hermes-engine
    - RCT-Folly (= 2021.07.22.00)
    - React-Core/Default
    - React-cxxreact
    - React-hermes
    - React-jsi
    - React-jsiexecutor
    - React-perflogger
    - React-runtimeexecutor
    - React-utils
    - SocketRocket (= 0.6.1)
    - Yoga
  - React-Core/RCTBlobHeaders (0.72.9):
    - glog
    - hermes-engine
    - RCT-Folly (= 2021.07.22.00)
    - React-Core/Default
    - React-cxxreact
    - React-hermes
    - React-jsi
    - React-jsiexecutor
    - React-perflogger
    - React-runtimeexecutor
    - React-utils
    - SocketRocket (= 0.6.1)
    - Yoga
  - React-Core/RCTImageHeaders (0.72.9):
    - glog
    - hermes-engine
    - RCT-Folly (= 2021.07.22.00)
    - React-Core/Default
    - React-cxxreact
    - React-hermes
    - React-jsi
    - React-jsiexecutor
    - React-perflogger
    - React-runtimeexecutor
    - React-utils
    - SocketRocket (= 0.6.1)
    - Yoga
  - React-Core/RCTLinkingHeaders (0.72.9):
    - glog
    - hermes-engine
    - RCT-Folly (= 2021.07.22.00)
    - React-Core/Default
    - React-cxxreact
    - React-hermes
    - React-jsi
    - React-jsiexecutor
    - React-perflogger
    - React-runtimeexecutor
    - React-utils
    - SocketRocket (= 0.6.1)
    - Yoga
  - React-Core/RCTNetworkHeaders (0.72.9):
    - glog
    - hermes-engine
    - RCT-Folly (= 2021.07.22.00)
    - React-Core/Default
    - React-cxxreact
    - React-hermes
    - React-jsi
    - React-jsiexecutor
    - React-perflogger
    - React-runtimeexecutor
    - React-utils
    - SocketRocket (= 0.6.1)
    - Yoga
  - React-Core/RCTSettingsHeaders (0.72.9):
    - glog
    - hermes-engine
    - RCT-Folly (= 2021.07.22.00)
    - React-Core/Default
    - React-cxxreact
    - React-hermes
    - React-jsi
    - React-jsiexecutor
    - React-perflogger
    - React-runtimeexecutor
    - React-utils
    - SocketRocket (= 0.6.1)
    - Yoga
  - React-Core/RCTTextHeaders (0.72.9):
    - glog
    - hermes-engine
    - RCT-Folly (= 2021.07.22.00)
    - React-Core/Default
    - React-cxxreact
    - React-hermes
    - React-jsi
    - React-jsiexecutor
    - React-perflogger
    - React-runtimeexecutor
    - React-utils
    - SocketRocket (= 0.6.1)
    - Yoga
  - React-Core/RCTVibrationHeaders (0.72.9):
    - glog
    - hermes-engine
    - RCT-Folly (= 2021.07.22.00)
    - React-Core/Default
    - React-cxxreact
    - React-hermes
    - React-jsi
    - React-jsiexecutor
    - React-perflogger
    - React-runtimeexecutor
    - React-utils
    - SocketRocket (= 0.6.1)
    - Yoga
  - React-Core/RCTWebSocket (0.72.9):
    - glog
    - hermes-engine
    - RCT-Folly (= 2021.07.22.00)
    - React-Core/Default (= 0.72.9)
    - React-cxxreact
    - React-hermes
    - React-jsi
    - React-jsiexecutor
    - React-perflogger
    - React-runtimeexecutor
    - React-utils
    - SocketRocket (= 0.6.1)
    - Yoga
  - React-CoreModules (0.72.9):
    - RCT-Folly (= 2021.07.22.00)
    - RCTTypeSafety (= 0.72.9)
    - React-Codegen (= 0.72.9)
    - React-Core/CoreModulesHeaders (= 0.72.9)
    - React-jsi (= 0.72.9)
    - React-RCTBlob
    - React-RCTImage (= 0.72.9)
    - ReactCommon/turbomodule/core (= 0.72.9)
    - SocketRocket (= 0.6.1)
  - React-cxxreact (0.72.9):
    - boost (= 1.76.0)
    - DoubleConversion
    - glog
    - hermes-engine
    - RCT-Folly (= 2021.07.22.00)
    - React-callinvoker (= 0.72.9)
    - React-debug (= 0.72.9)
    - React-jsi (= 0.72.9)
    - React-jsinspector (= 0.72.9)
    - React-logger (= 0.72.9)
    - React-perflogger (= 0.72.9)
    - React-runtimeexecutor (= 0.72.9)
  - React-debug (0.72.9)
  - React-hermes (0.72.9):
    - DoubleConversion
    - glog
    - hermes-engine
    - RCT-Folly (= 2021.07.22.00)
    - RCT-Folly/Futures (= 2021.07.22.00)
    - React-cxxreact (= 0.72.9)
    - React-jsi
    - React-jsiexecutor (= 0.72.9)
    - React-jsinspector (= 0.72.9)
    - React-perflogger (= 0.72.9)
  - React-jsi (0.72.9):
    - boost (= 1.76.0)
    - DoubleConversion
    - glog
    - hermes-engine
    - RCT-Folly (= 2021.07.22.00)
  - React-jsiexecutor (0.72.9):
    - DoubleConversion
    - glog
    - hermes-engine
    - RCT-Folly (= 2021.07.22.00)
    - React-cxxreact (= 0.72.9)
    - React-jsi (= 0.72.9)
    - React-perflogger (= 0.72.9)
  - React-jsinspector (0.72.9)
  - React-logger (0.72.9):
    - glog
  - react-native-app-auth (8.0.1):
    - AppAuth (>= 1.7.6)
    - React-Core
  - React-NativeModulesApple (0.72.9):
    - hermes-engine
    - React-callinvoker
    - React-Core
    - React-cxxreact
    - React-jsi
    - React-runtimeexecutor
    - ReactCommon/turbomodule/bridging
    - ReactCommon/turbomodule/core
  - React-perflogger (0.72.9)
  - React-RCTActionSheet (0.72.9):
    - React-Core/RCTActionSheetHeaders (= 0.72.9)
  - React-RCTAnimation (0.72.9):
    - RCT-Folly (= 2021.07.22.00)
    - RCTTypeSafety (= 0.72.9)
    - React-Codegen (= 0.72.9)
    - React-Core/RCTAnimationHeaders (= 0.72.9)
    - React-jsi (= 0.72.9)
    - ReactCommon/turbomodule/core (= 0.72.9)
  - React-RCTAppDelegate (0.72.9):
    - RCT-Folly
    - RCTRequired
    - RCTTypeSafety
    - React-Core
    - React-CoreModules
    - React-hermes
    - React-NativeModulesApple
    - React-RCTImage
    - React-RCTNetwork
    - React-runtimescheduler
    - ReactCommon/turbomodule/core
  - React-RCTBlob (0.72.9):
    - hermes-engine
    - RCT-Folly (= 2021.07.22.00)
    - React-Codegen (= 0.72.9)
    - React-Core/RCTBlobHeaders (= 0.72.9)
    - React-Core/RCTWebSocket (= 0.72.9)
    - React-jsi (= 0.72.9)
    - React-RCTNetwork (= 0.72.9)
    - ReactCommon/turbomodule/core (= 0.72.9)
  - React-RCTImage (0.72.9):
    - RCT-Folly (= 2021.07.22.00)
    - RCTTypeSafety (= 0.72.9)
    - React-Codegen (= 0.72.9)
    - React-Core/RCTImageHeaders (= 0.72.9)
    - React-jsi (= 0.72.9)
    - React-RCTNetwork (= 0.72.9)
    - ReactCommon/turbomodule/core (= 0.72.9)
  - React-RCTLinking (0.72.9):
    - React-Codegen (= 0.72.9)
    - React-Core/RCTLinkingHeaders (= 0.72.9)
    - React-jsi (= 0.72.9)
    - ReactCommon/turbomodule/core (= 0.72.9)
  - React-RCTNetwork (0.72.9):
    - RCT-Folly (= 2021.07.22.00)
    - RCTTypeSafety (= 0.72.9)
    - React-Codegen (= 0.72.9)
    - React-Core/RCTNetworkHeaders (= 0.72.9)
    - React-jsi (= 0.72.9)
    - ReactCommon/turbomodule/core (= 0.72.9)
  - React-RCTSettings (0.72.9):
    - RCT-Folly (= 2021.07.22.00)
    - RCTTypeSafety (= 0.72.9)
    - React-Codegen (= 0.72.9)
    - React-Core/RCTSettingsHeaders (= 0.72.9)
    - React-jsi (= 0.72.9)
    - ReactCommon/turbomodule/core (= 0.72.9)
  - React-RCTText (0.72.9):
    - React-Core/RCTTextHeaders (= 0.72.9)
  - React-RCTVibration (0.72.9):
    - RCT-Folly (= 2021.07.22.00)
    - React-Codegen (= 0.72.9)
    - React-Core/RCTVibrationHeaders (= 0.72.9)
    - React-jsi (= 0.72.9)
    - ReactCommon/turbomodule/core (= 0.72.9)
  - React-rncore (0.72.9)
  - React-runtimeexecutor (0.72.9):
    - React-jsi (= 0.72.9)
  - React-runtimescheduler (0.72.9):
    - glog
    - hermes-engine
    - RCT-Folly (= 2021.07.22.00)
    - React-callinvoker
    - React-debug
    - React-jsi
    - React-runtimeexecutor
  - React-utils (0.72.9):
    - glog
    - RCT-Folly (= 2021.07.22.00)
    - React-debug
  - ReactCommon/turbomodule/bridging (0.72.9):
    - DoubleConversion
    - glog
    - hermes-engine
    - RCT-Folly (= 2021.07.22.00)
    - React-callinvoker (= 0.72.9)
    - React-cxxreact (= 0.72.9)
    - React-jsi (= 0.72.9)
    - React-logger (= 0.72.9)
    - React-perflogger (= 0.72.9)
  - ReactCommon/turbomodule/core (0.72.9):
    - DoubleConversion
    - glog
    - hermes-engine
    - RCT-Folly (= 2021.07.22.00)
    - React-callinvoker (= 0.72.9)
    - React-cxxreact (= 0.72.9)
    - React-jsi (= 0.72.9)
    - React-logger (= 0.72.9)
    - React-perflogger (= 0.72.9)
  - SocketRocket (0.6.1)
  - Yoga (1.14.0)

DEPENDENCIES:
  - boost (from `../node_modules/react-native/third-party-podspecs/boost.podspec`)
  - DoubleConversion (from `../node_modules/react-native/third-party-podspecs/DoubleConversion.podspec`)
  - FBLazyVector (from `../node_modules/react-native/Libraries/FBLazyVector`)
  - FBReactNativeSpec (from `../node_modules/react-native/React/FBReactNativeSpec`)
  - glog (from `../node_modules/react-native/third-party-podspecs/glog.podspec`)
  - hermes-engine (from `../node_modules/react-native/sdks/hermes-engine/hermes-engine.podspec`)
  - libevent (~> 2.1.12)
  - RCT-Folly (from `../node_modules/react-native/third-party-podspecs/RCT-Folly.podspec`)
  - RCTRequired (from `../node_modules/react-native/Libraries/RCTRequired`)
  - RCTTypeSafety (from `../node_modules/react-native/Libraries/TypeSafety`)
  - React (from `../node_modules/react-native/`)
  - React-callinvoker (from `../node_modules/react-native/ReactCommon/callinvoker`)
  - React-Codegen (from `build/generated/ios`)
  - React-Core (from `../node_modules/react-native/`)
  - React-Core/RCTWebSocket (from `../node_modules/react-native/`)
  - React-CoreModules (from `../node_modules/react-native/React/CoreModules`)
  - React-cxxreact (from `../node_modules/react-native/ReactCommon/cxxreact`)
  - React-debug (from `../node_modules/react-native/ReactCommon/react/debug`)
  - React-hermes (from `../node_modules/react-native/ReactCommon/hermes`)
  - React-jsi (from `../node_modules/react-native/ReactCommon/jsi`)
  - React-jsiexecutor (from `../node_modules/react-native/ReactCommon/jsiexecutor`)
  - React-jsinspector (from `../node_modules/react-native/ReactCommon/jsinspector`)
  - React-logger (from `../node_modules/react-native/ReactCommon/logger`)
  - react-native-app-auth (from `../../../node_modules/react-native-app-auth`)
  - React-NativeModulesApple (from `../node_modules/react-native/ReactCommon/react/nativemodule/core/platform/ios`)
  - React-perflogger (from `../node_modules/react-native/ReactCommon/reactperflogger`)
  - React-RCTActionSheet (from `../node_modules/react-native/Libraries/ActionSheetIOS`)
  - React-RCTAnimation (from `../node_modules/react-native/Libraries/NativeAnimation`)
  - React-RCTAppDelegate (from `../node_modules/react-native/Libraries/AppDelegate`)
  - React-RCTBlob (from `../node_modules/react-native/Libraries/Blob`)
  - React-RCTImage (from `../node_modules/react-native/Libraries/Image`)
  - React-RCTLinking (from `../node_modules/react-native/Libraries/LinkingIOS`)
  - React-RCTNetwork (from `../node_modules/react-native/Libraries/Network`)
  - React-RCTSettings (from `../node_modules/react-native/Libraries/Settings`)
  - React-RCTText (from `../node_modules/react-native/Libraries/Text`)
  - React-RCTVibration (from `../node_modules/react-native/Libraries/Vibration`)
  - React-rncore (from `../node_modules/react-native/ReactCommon`)
  - React-runtimeexecutor (from `../node_modules/react-native/ReactCommon/runtimeexecutor`)
  - React-runtimescheduler (from `../node_modules/react-native/ReactCommon/react/renderer/runtimescheduler`)
  - React-utils (from `../node_modules/react-native/ReactCommon/react/utils`)
  - ReactCommon/turbomodule/core (from `../node_modules/react-native/ReactCommon`)
  - Yoga (from `../node_modules/react-native/ReactCommon/yoga`)

SPEC REPOS:
  trunk:
    - AppAuth
    - fmt
    - libevent
    - SocketRocket

EXTERNAL SOURCES:
  boost:
    :podspec: "../node_modules/react-native/third-party-podspecs/boost.podspec"
  DoubleConversion:
    :podspec: "../node_modules/react-native/third-party-podspecs/DoubleConversion.podspec"
  FBLazyVector:
    :path: "../node_modules/react-native/Libraries/FBLazyVector"
  FBReactNativeSpec:
    :path: "../node_modules/react-native/React/FBReactNativeSpec"
  glog:
    :podspec: "../node_modules/react-native/third-party-podspecs/glog.podspec"
  hermes-engine:
    :podspec: "../node_modules/react-native/sdks/hermes-engine/hermes-engine.podspec"
  RCT-Folly:
    :podspec: "../node_modules/react-native/third-party-podspecs/RCT-Folly.podspec"
  RCTRequired:
    :path: "../node_modules/react-native/Libraries/RCTRequired"
  RCTTypeSafety:
    :path: "../node_modules/react-native/Libraries/TypeSafety"
  React:
    :path: "../node_modules/react-native/"
  React-callinvoker:
    :path: "../node_modules/react-native/ReactCommon/callinvoker"
  React-Codegen:
    :path: build/generated/ios
  React-Core:
    :path: "../node_modules/react-native/"
  React-CoreModules:
    :path: "../node_modules/react-native/React/CoreModules"
  React-cxxreact:
    :path: "../node_modules/react-native/ReactCommon/cxxreact"
  React-debug:
    :path: "../node_modules/react-native/ReactCommon/react/debug"
  React-hermes:
    :path: "../node_modules/react-native/ReactCommon/hermes"
  React-jsi:
    :path: "../node_modules/react-native/ReactCommon/jsi"
  React-jsiexecutor:
    :path: "../node_modules/react-native/ReactCommon/jsiexecutor"
  React-jsinspector:
    :path: "../node_modules/react-native/ReactCommon/jsinspector"
  React-logger:
    :path: "../node_modules/react-native/ReactCommon/logger"
  react-native-app-auth:
    :path: "../../../node_modules/react-native-app-auth"
  React-NativeModulesApple:
    :path: "../node_modules/react-native/ReactCommon/react/nativemodule/core/platform/ios"
  React-perflogger:
    :path: "../node_modules/react-native/ReactCommon/reactperflogger"
  React-RCTActionSheet:
    :path: "../node_modules/react-native/Libraries/ActionSheetIOS"
  React-RCTAnimation:
    :path: "../node_modules/react-native/Libraries/NativeAnimation"
  React-RCTAppDelegate:
    :path: "../node_modules/react-native/Libraries/AppDelegate"
  React-RCTBlob:
    :path: "../node_modules/react-native/Libraries/Blob"
  React-RCTImage:
    :path: "../node_modules/react-native/Libraries/Image"
  React-RCTLinking:
    :path: "../node_modules/react-native/Libraries/LinkingIOS"
  React-RCTNetwork:
    :path: "../node_modules/react-native/Libraries/Network"
  React-RCTSettings:
    :path: "../node_modules/react-native/Libraries/Settings"
  React-RCTText:
    :path: "../node_modules/react-native/Libraries/Text"
  React-RCTVibration:
    :path: "../node_modules/react-native/Libraries/Vibration"
  React-rncore:
    :path: "../node_modules/react-native/ReactCommon"
  React-runtimeexecutor:
    :path: "../node_modules/react-native/ReactCommon/runtimeexecutor"
  React-runtimescheduler:
    :path: "../node_modules/react-native/ReactCommon/react/renderer/runtimescheduler"
  React-utils:
    :path: "../node_modules/react-native/ReactCommon/react/utils"
  ReactCommon:
    :path: "../node_modules/react-native/ReactCommon"
  Yoga:
    :path: "../node_modules/react-native/ReactCommon/yoga"

SPEC CHECKSUMS:
  AppAuth: d4f13a8fe0baf391b2108511793e4b479691fb73
  boost: 7dcd2de282d72e344012f7d6564d024930a6a440
  DoubleConversion: 5189b271737e1565bdce30deb4a08d647e3f5f54
  FBLazyVector: dc178b8748748c036ef9493a5d59d6d1f91a36ce
  FBReactNativeSpec: d0aaae78e93c89dc2d691d8052a4d2aeb1b461ee
  fmt: ff9d55029c625d3757ed641535fd4a75fedc7ce9
  glog: 04b94705f318337d7ead9e6d17c019bd9b1f6b1b
  hermes-engine: 9b9bb14184a11b8ceb4131b09abf634880f0f46d
  libevent: 4049cae6c81cdb3654a443be001fb9bdceff7913
  RCT-Folly: 8dc08ca5a393b48b1c523ab6220dfdcc0fe000ad
  RCTRequired: f30c3213569b1dc43659ecc549a6536e1e11139e
  RCTTypeSafety: e1ed3137728804fa98bce30b70e3da0b8e23054e
  React: 54070abee263d5773486987f1cf3a3616710ed52
  React-callinvoker: 794ea19cc4d8ce25921893141e131b9d6b7d02eb
  React-Codegen: 4185ac49af51a05866506148578bbc33ed7a5d48
  React-Core: e7bf52760c40cde786ad2b6244c2e37779a05116
  React-CoreModules: 1d1f0fca9091fbd0bbebbbd8db5e7bf1b5ed1336
  React-cxxreact: f52f3a7c8361c005ac4776737b5cf04b94b87852
  React-debug: 4dca41301a67ab2916b2c99bef60344a7b653ac5
  React-hermes: 55ccf2ba061d95710aba21855925d82c8382c51d
  React-jsi: 90d3d603f15e7284f056ee0eebac8174d49a51f2
  React-jsiexecutor: d0e8687f75e16c63c2f5bbe51f58bdbebe9df4b2
  React-jsinspector: 54205b269da20c51417e0fc02c4cde9f29a4bf1a
  React-logger: 81785c91d2fcc517657ff456c106c6d8e9ec4110
  react-native-app-auth: 0dd956abd9201fc06f7b4a71f0740836e2532014
  React-NativeModulesApple: 6cc32bf0a8dc0a9de48878ccca14788bbe5e4fc6
  React-perflogger: cb433f318c6667060fc1f62e26eb58d6eb30a627
  React-RCTActionSheet: 0af3f8ac067e8a1dde902810b7ad169d0a0ec31e
  React-RCTAnimation: 453a88e76ba6cb49819686acd8b21ce4d9ee4232
  React-RCTAppDelegate: ea1a038363779239c8755c90b4daf64e5501ba29
  React-RCTBlob: 37b58ca9b7495452e074e047896cd56b9f554172
  React-RCTImage: 8e059fbdfab18b86127424dc3742532aab960760
  React-RCTLinking: 05ae2aa525b21a7f1c5069c14330700f470efd97
  React-RCTNetwork: 7ed9d99d028c53e9a23e318f65937f499ba8a6fd
  React-RCTSettings: 8b12ebf04d4baa0e259017fcef6cf7abd7d8ac51
  React-RCTText: a062ade9ff1591c46bcb6c5055fd4f96c154b8aa
  React-RCTVibration: 87c490b6f01746ab8f9b4e555f514cc030c06731
  React-rncore: 140bc11b316da7003bf039844aef39e1c242d7ad
  React-runtimeexecutor: 226ebef5f625878d3028b196cbecbbdeb6f208e4
  React-runtimescheduler: 7d1ccbf849f7555bd2a7722f7cfad0d1930a7e2a
  React-utils: 91c44ba497ce661c8b132eba747a93936ea557b3
  ReactCommon: 9b8ce41770a295df8c3d2cbefa82896e4caeffbb
  SocketRocket: f32cd54efbe0f095c4d7594881e52619cfe80b17
  Yoga: eddf2bbe4a896454c248a8f23b4355891eb720a6

PODFILE CHECKSUM: 5778e07dee7c2db582dfe9e0640f1699b51a1b52

COCOAPODS: 1.16.2
